
Microsoft Visual Studio Solution File, Format Version 12.00
# Visual Studio 2013
VisualStudioVersion = 12.0.21005.1
MinimumVisualStudioVersion = 10.0.40219.1
Project("{FAE04EC0-301F-11D3-BF4B-00C04F79EFBC}") = "BigCommerce4Net.Api", "BigCommerce4Net.Api\BigCommerce4Net.Api.csproj", "{DAD102C5-A4DC-4C60-AF60-5777B051C386}"
EndProject
Project("{FAE04EC0-301F-11D3-BF4B-00C04F79EFBC}") = "BigCommerce4Net.Domain", "BigCommerce4Net.Domain\BigCommerce4Net.Domain.csproj", "{0A8B96C4-4FBE-4772-84AA-0B3D023F2E21}"
EndProject
Project("{FAE04EC0-301F-11D3-BF4B-00C04F79EFBC}") = "BigCommerce4Net.Api_Tests", "BigCommerce4Net.Api_Tests\BigCommerce4Net.Api_Tests.csproj", "{BAD78EB0-9136-4662-9719-D6084F1B0197}"
EndProject
Project("{2150E333-8FDC-42A3-9474-1A3956D46DE8}") = ".nuget", ".nuget", "{9187CB12-7B56-429C-B881-ADF2D54C00D3}"
	ProjectSection(SolutionItems) = preProject
		.nuget\NuGet.Config = .nuget\NuGet.Config
		.nuget\NuGet.exe = .nuget\NuGet.exe
		.nuget\NuGet.targets = .nuget\NuGet.targets
	EndProjectSection
EndProject
Project("{2150E333-8FDC-42A3-9474-1A3956D46DE8}") = "Solution Items", "Solution Items", "{7CB1487E-F27F-43C2-B33F-51ADADA1C901}"
	ProjectSection(SolutionItems) = preProject
		.gitignore = .gitignore
		LICENSE.txt = LICENSE.txt
		README.md = README.md
	EndProjectSection
EndProject
Global
	GlobalSection(SolutionConfigurationPlatforms) = preSolution
		Debug|Any CPU = Debug|Any CPU
		Release|Any CPU = Release|Any CPU
	EndGlobalSection
	GlobalSection(ProjectConfigurationPlatforms) = postSolution
		{DAD102C5-A4DC-4C60-AF60-5777B051C386}.Debug|Any CPU.ActiveCfg = Debug|Any CPU
		{DAD102C5-A4DC-4C60-AF60-5777B051C386}.Debug|Any CPU.Build.0 = Debug|Any CPU
		{DAD102C5-A4DC-4C60-AF60-5777B051C386}.Release|Any CPU.ActiveCfg = Release|Any CPU
		{DAD102C5-A4DC-4C60-AF60-5777B051C386}.Release|Any CPU.Build.0 = Release|Any CPU
		{0A8B96C4-4FBE-4772-84AA-0B3D023F2E21}.Debug|Any CPU.ActiveCfg = Debug|Any CPU
		{0A8B96C4-4FBE-4772-84AA-0B3D023F2E21}.Debug|Any CPU.Build.0 = Debug|Any CPU
		{0A8B96C4-4FBE-4772-84AA-0B3D023F2E21}.Release|Any CPU.ActiveCfg = Release|Any CPU
		{0A8B96C4-4FBE-4772-84AA-0B3D023F2E21}.Release|Any CPU.Build.0 = Release|Any CPU
		{BAD78EB0-9136-4662-9719-D6084F1B0197}.Debug|Any CPU.ActiveCfg = Debug|Any CPU
		{BAD78EB0-9136-4662-9719-D6084F1B0197}.Debug|Any CPU.Build.0 = Debug|Any CPU
		{BAD78EB0-9136-4662-9719-D6084F1B0197}.Release|Any CPU.ActiveCfg = Release|Any CPU
		{BAD78EB0-9136-4662-9719-D6084F1B0197}.Release|Any CPU.Build.0 = Release|Any CPU
	EndGlobalSection
	GlobalSection(SolutionProperties) = preSolution
		HideSolutionNode = FALSE
	EndGlobalSection
EndGlobal
